
Microsoft Visual Studio Solution File, Format Version 12.00
# Visual Studio Version 16
VisualStudioVersion = 16.0.31424.327
MinimumVisualStudioVersion = 10.0.40219.1
Project("{FAE04EC0-301F-11D3-BF4B-00C04F79EFBC}") = "Calculator", "Calculator\Calculator.csproj", "{C465D2AC-71A1-490F-8C8B-DDCEAAD41F50}"
EndProject
Project("{FAE04EC0-301F-11D3-BF4B-00C04F79EFBC}") = "Calculator.Tests", "Calculator.Tests\Calculator.Tests.csproj", "{937D22C3-48F8-4AE0-A272-359177187596}"
EndProject
Global
	GlobalSection(SolutionConfigurationPlatforms) = preSolution
		Debug|Any CPU = Debug|Any CPU
		Release|Any CPU = Release|Any CPU
	EndGlobalSection
	GlobalSection(ProjectConfigurationPlatforms) = postSolution
		{C465D2AC-71A1-490F-8C8B-DDCEAAD41F50}.Debug|Any CPU.ActiveCfg = Debug|Any CPU
		{C465D2AC-71A1-490F-8C8B-DDCEAAD41F50}.Debug|Any CPU.Build.0 = Debug|Any CPU
		{C465D2AC-71A1-490F-8C8B-DDCEAAD41F50}.Release|Any CPU.ActiveCfg = Release|Any CPU
		{C465D2AC-71A1-490F-8C8B-DDCEAAD41F50}.Release|Any CPU.Build.0 = Release|Any CPU
		{937D22C3-48F8-4AE0-A272-359177187596}.Debug|Any CPU.ActiveCfg = Debug|Any CPU
		{937D22C3-48F8-4AE0-A272-359177187596}.Debug|Any CPU.Build.0 = Debug|Any CPU
		{937D22C3-48F8-4AE0-A272-359177187596}.Release|Any CPU.ActiveCfg = Release|Any CPU
		{937D22C3-48F8-4AE0-A272-359177187596}.Release|Any CPU.Build.0 = Release|Any CPU
	EndGlobalSection
	GlobalSection(SolutionProperties) = preSolution
		HideSolutionNode = FALSE
	EndGlobalSection
	GlobalSection(ExtensibilityGlobals) = postSolution
		SolutionGuid = {4AECA340-F356-4EC0-9533-06B1091B3442}
	EndGlobalSection
EndGlobal
